
Microsoft Visual Studio Solution File, Format Version 12.00
# Visual Studio 15
Project("{FAE04EC0-301F-11D3-BF4B-00C04F79EFBC}") = "UnityEngine.TestRunner", "UnityEngine.TestRunner.csproj", "{C71A910E-3E48-79D2-D192-29F88395EB16}"
EndProject
Project("{FAE04EC0-301F-11D3-BF4B-00C04F79EFBC}") = "Unity.Mathematics", "Unity.Mathematics.csproj", "{20D58D99-A363-A261-46FC-CC6F1EEC14C8}"
EndProject
Project("{FAE04EC0-301F-11D3-BF4B-00C04F79EFBC}") = "Unity.2D.Animation.Triangle.Runtime", "Unity.2D.Animation.Triangle.Runtime.csproj", "{D8BA0380-49C7-5B67-9DB1-2C10F2047EB1}"
EndProject
Project("{FAE04EC0-301F-11D3-BF4B-00C04F79EFBC}") = "Unity.Timeline", "Unity.Timeline.csproj", "{6322A7DF-ADB1-EC8F-9B5E-7D6CC7FAB1E3}"
EndProject
Project("{FAE04EC0-301F-11D3-BF4B-00C04F79EFBC}") = "UnityEngine.UI", "UnityEngine.UI.csproj", "{BD5C49C1-2E2F-7B2B-7F7D-668BC0E408A1}"
EndProject
Project("{FAE04EC0-301F-11D3-BF4B-00C04F79EFBC}") = "Unity.TextMeshPro", "Unity.TextMeshPro.csproj", "{D709DFD1-6F8B-58F1-C371-E1FFC7C43579}"
EndProject
Project("{FAE04EC0-301F-11D3-BF4B-00C04F79EFBC}") = "Unity.2D.Animation.Runtime", "Unity.2D.Animation.Runtime.csproj", "{B51DB0FE-AB4B-8B3B-A15A-938FE5EA74B4}"
EndProject
Project("{FAE04EC0-301F-11D3-BF4B-00C04F79EFBC}") = "Unity.2D.IK.Runtime", "Unity.2D.IK.Runtime.csproj", "{DC08AFB4-5E45-47B9-B65E-9B336FEEA6F8}"
EndProject
Project("{FAE04EC0-301F-11D3-BF4B-00C04F79EFBC}") = "Unity.2D.SpriteShape.Runtime", "Unity.2D.SpriteShape.Runtime.csproj", "{111C6034-289A-82FB-5F90-C25881D88DBC}"
EndProject
Project("{FAE04EC0-301F-11D3-BF4B-00C04F79EFBC}") = "Assembly-CSharp", "Assembly-CSharp.csproj", "{8286F7C4-150A-D3AD-171C-F5FB61EF5FCC}"
EndProject
Project("{FAE04EC0-301F-11D3-BF4B-00C04F79EFBC}") = "Unity.2D.PixelPerfect", "Unity.2D.PixelPerfect.csproj", "{587799E0-55BC-CBC8-3EDC-8DEE0F427D11}"
EndProject
Project("{FAE04EC0-301F-11D3-BF4B-00C04F79EFBC}") = "Unity.2D.Common.Runtime", "Unity.2D.Common.Runtime.csproj", "{F852E4AC-5410-3D0D-58EB-528C6DEE87DB}"
EndProject
Project("{FAE04EC0-301F-11D3-BF4B-00C04F79EFBC}") = "Unity.InternalAPIEngineBridge.001", "Unity.InternalAPIEngineBridge.001.csproj", "{55DD95E9-CC5C-DA00-E907-808B2E6B46E6}"
EndProject
Project("{FAE04EC0-301F-11D3-BF4B-00C04F79EFBC}") = "UnityEditor.TestRunner", "UnityEditor.TestRunner.csproj", "{81ECF11C-F8C9-E60C-05CD-77929A8BEA08}"
EndProject
Project("{FAE04EC0-301F-11D3-BF4B-00C04F79EFBC}") = "com.unity.quicksearch", "com.unity.quicksearch.csproj", "{9703FAFA-6445-DE79-3E65-DF3DC6A00E4E}"
EndProject
Project("{FAE04EC0-301F-11D3-BF4B-00C04F79EFBC}") = "UnityEditor.UI", "UnityEditor.UI.csproj", "{813C3939-E3E0-C501-3D68-A76D4A6B2B24}"
EndProject
Project("{FAE04EC0-301F-11D3-BF4B-00C04F79EFBC}") = "Unity.Timeline.Editor", "Unity.Timeline.Editor.csproj", "{0D175AF4-BE09-F8B2-FDEB-FA3504BA1BEC}"
EndProject
Project("{FAE04EC0-301F-11D3-BF4B-00C04F79EFBC}") = "Unity.VisualStudio.Editor", "Unity.VisualStudio.Editor.csproj", "{4DF28E04-3451-8B01-23CA-A54724D18729}"
EndProject
Project("{FAE04EC0-301F-11D3-BF4B-00C04F79EFBC}") = "Unity.2D.Psdimporter.Editor", "Unity.2D.Psdimporter.Editor.csproj", "{1AE6B57D-40CA-CEA4-F1E1-7BF339A3B8B0}"
EndProject
Project("{FAE04EC0-301F-11D3-BF4B-00C04F79EFBC}") = "Unity.2D.Animation.Editor", "Unity.2D.Animation.Editor.csproj", "{B92A812D-0C2D-388E-68EE-4E55E0A3E97D}"
EndProject
Project("{FAE04EC0-301F-11D3-BF4B-00C04F79EFBC}") = "Unity.TextMeshPro.Editor", "Unity.TextMeshPro.Editor.csproj", "{5B5A3F5F-1B92-59DF-C568-658A8EAC39B0}"
EndProject
Project("{FAE04EC0-301F-11D3-BF4B-00C04F79EFBC}") = "Unity.2D.SpriteShape.Editor", "Unity.2D.SpriteShape.Editor.csproj", "{7363B78C-0E99-C13D-41D4-32975AE53E48}"
EndProject
Project("{FAE04EC0-301F-11D3-BF4B-00C04F79EFBC}") = "Unity.CollabProxy.Editor", "Unity.CollabProxy.Editor.csproj", "{FA3C371A-2C32-DAFD-17D5-F4B94D35FD31}"
EndProject
Project("{FAE04EC0-301F-11D3-BF4B-00C04F79EFBC}") = "PsdPlugin", "PsdPlugin.csproj", "{80F934C4-9582-1636-F2D9-F4701C7D5435}"
EndProject
Project("{FAE04EC0-301F-11D3-BF4B-00C04F79EFBC}") = "Unity.2D.Path.Editor", "Unity.2D.Path.Editor.csproj", "{365C4D0F-5F63-EAA2-6AC1-FEF867B170C8}"
EndProject
Project("{FAE04EC0-301F-11D3-BF4B-00C04F79EFBC}") = "Unity.Rider.Editor", "Unity.Rider.Editor.csproj", "{6B02E6E3-A66B-7FDA-28E9-6DDF72734A3B}"
EndProject
Project("{FAE04EC0-301F-11D3-BF4B-00C04F79EFBC}") = "Unity.2D.IK.Editor", "Unity.2D.IK.Editor.csproj", "{B53725F4-5F3E-49A3-F84C-885D4E3F0BE3}"
EndProject
Project("{FAE04EC0-301F-11D3-BF4B-00C04F79EFBC}") = "Unity.2D.Sprite.Editor", "Unity.2D.Sprite.Editor.csproj", "{10ED26D7-1F50-F7BF-C00D-6C49CBA6E70B}"
EndProject
Project("{FAE04EC0-301F-11D3-BF4B-00C04F79EFBC}") = "Unity.2D.Tilemap.Editor", "Unity.2D.Tilemap.Editor.csproj", "{636EB892-9293-A3E5-18FE-9B674B5E7007}"
EndProject
Project("{FAE04EC0-301F-11D3-BF4B-00C04F79EFBC}") = "Unity.2D.PixelPerfect.Editor", "Unity.2D.PixelPerfect.Editor.csproj", "{45992665-75E0-48A3-33B0-11FDACAB1130}"
EndProject
Project("{FAE04EC0-301F-11D3-BF4B-00C04F79EFBC}") = "Unity.VSCode.Editor", "Unity.VSCode.Editor.csproj", "{92E3892E-20EB-24DD-7C2C-286A75202AF3}"
EndProject
Project("{FAE04EC0-301F-11D3-BF4B-00C04F79EFBC}") = "Unity.2D.Common.Editor", "Unity.2D.Common.Editor.csproj", "{6C0AE59D-826B-86BE-A7B3-6C9FBD675B5C}"
EndProject
Project("{FAE04EC0-301F-11D3-BF4B-00C04F79EFBC}") = "Unity.Mathematics.Editor", "Unity.Mathematics.Editor.csproj", "{42ADE029-F51D-A4B6-77C4-2814A8B883A0}"
EndProject
Project("{FAE04EC0-301F-11D3-BF4B-00C04F79EFBC}") = "Unity.InternalAPIEditorBridge.001", "Unity.InternalAPIEditorBridge.001.csproj", "{1B6A1BEC-7F6E-ECF0-CE51-9D28B53ACE40}"
EndProject
Global
	GlobalSection(SolutionConfigurationPlatforms) = preSolution
		Debug|Any CPU = Debug|Any CPU
		Release|Any CPU = Release|Any CPU
	EndGlobalSection
	GlobalSection(ProjectConfigurationPlatforms) = postSolution
		{C71A910E-3E48-79D2-D192-29F88395EB16}.Debug|Any CPU.ActiveCfg = Debug|Any CPU
		{C71A910E-3E48-79D2-D192-29F88395EB16}.Debug|Any CPU.Build.0 = Debug|Any CPU
		{C71A910E-3E48-79D2-D192-29F88395EB16}.Release|Any CPU.ActiveCfg = Release|Any CPU
		{C71A910E-3E48-79D2-D192-29F88395EB16}.Release|Any CPU.Build.0 = Release|Any CPU
		{20D58D99-A363-A261-46FC-CC6F1EEC14C8}.Debug|Any CPU.ActiveCfg = Debug|Any CPU
		{20D58D99-A363-A261-46FC-CC6F1EEC14C8}.Debug|Any CPU.Build.0 = Debug|Any CPU
		{20D58D99-A363-A261-46FC-CC6F1EEC14C8}.Release|Any CPU.ActiveCfg = Release|Any CPU
		{20D58D99-A363-A261-46FC-CC6F1EEC14C8}.Release|Any CPU.Build.0 = Release|Any CPU
		{D8BA0380-49C7-5B67-9DB1-2C10F2047EB1}.Debug|Any CPU.ActiveCfg = Debug|Any CPU
		{D8BA0380-49C7-5B67-9DB1-2C10F2047EB1}.Debug|Any CPU.Build.0 = Debug|Any CPU
		{D8BA0380-49C7-5B67-9DB1-2C10F2047EB1}.Release|Any CPU.ActiveCfg = Release|Any CPU
		{D8BA0380-49C7-5B67-9DB1-2C10F2047EB1}.Release|Any CPU.Build.0 = Release|Any CPU
		{6322A7DF-ADB1-EC8F-9B5E-7D6CC7FAB1E3}.Debug|Any CPU.ActiveCfg = Debug|Any CPU
		{6322A7DF-ADB1-EC8F-9B5E-7D6CC7FAB1E3}.Debug|Any CPU.Build.0 = Debug|Any CPU
		{6322A7DF-ADB1-EC8F-9B5E-7D6CC7FAB1E3}.Release|Any CPU.ActiveCfg = Release|Any CPU
		{6322A7DF-ADB1-EC8F-9B5E-7D6CC7FAB1E3}.Release|Any CPU.Build.0 = Release|Any CPU
		{BD5C49C1-2E2F-7B2B-7F7D-668BC0E408A1}.Debug|Any CPU.ActiveCfg = Debug|Any CPU
		{BD5C49C1-2E2F-7B2B-7F7D-668BC0E408A1}.Debug|Any CPU.Build.0 = Debug|Any CPU
		{BD5C49C1-2E2F-7B2B-7F7D-668BC0E408A1}.Release|Any CPU.ActiveCfg = Release|Any CPU
		{BD5C49C1-2E2F-7B2B-7F7D-668BC0E408A1}.Release|Any CPU.Build.0 = Release|Any CPU
		{D709DFD1-6F8B-58F1-C371-E1FFC7C43579}.Debug|Any CPU.ActiveCfg = Debug|Any CPU
		{D709DFD1-6F8B-58F1-C371-E1FFC7C43579}.Debug|Any CPU.Build.0 = Debug|Any CPU
		{D709DFD1-6F8B-58F1-C371-E1FFC7C43579}.Release|Any CPU.ActiveCfg = Release|Any CPU
		{D709DFD1-6F8B-58F1-C371-E1FFC7C43579}.Release|Any CPU.Build.0 = Release|Any CPU
		{B51DB0FE-AB4B-8B3B-A15A-938FE5EA74B4}.Debug|Any CPU.ActiveCfg = Debug|Any CPU
		{B51DB0FE-AB4B-8B3B-A15A-938FE5EA74B4}.Debug|Any CPU.Build.0 = Debug|Any CPU
		{B51DB0FE-AB4B-8B3B-A15A-938FE5EA74B4}.Release|Any CPU.ActiveCfg = Release|Any CPU
		{B51DB0FE-AB4B-8B3B-A15A-938FE5EA74B4}.Release|Any CPU.Build.0 = Release|Any CPU
		{DC08AFB4-5E45-47B9-B65E-9B336FEEA6F8}.Debug|Any CPU.ActiveCfg = Debug|Any CPU
		{DC08AFB4-5E45-47B9-B65E-9B336FEEA6F8}.Debug|Any CPU.Build.0 = Debug|Any CPU
		{DC08AFB4-5E45-47B9-B65E-9B336FEEA6F8}.Release|Any CPU.ActiveCfg = Release|Any CPU
		{DC08AFB4-5E45-47B9-B65E-9B336FEEA6F8}.Release|Any CPU.Build.0 = Release|Any CPU
		{111C6034-289A-82FB-5F90-C25881D88DBC}.Debug|Any CPU.ActiveCfg = Debug|Any CPU
		{111C6034-289A-82FB-5F90-C25881D88DBC}.Debug|Any CPU.Build.0 = Debug|Any CPU
		{111C6034-289A-82FB-5F90-C25881D88DBC}.Release|Any CPU.ActiveCfg = Release|Any CPU
		{111C6034-289A-82FB-5F90-C25881D88DBC}.Release|Any CPU.Build.0 = Release|Any CPU
		{8286F7C4-150A-D3AD-171C-F5FB61EF5FCC}.Debug|Any CPU.ActiveCfg = Debug|Any CPU
		{8286F7C4-150A-D3AD-171C-F5FB61EF5FCC}.Debug|Any CPU.Build.0 = Debug|Any CPU
		{8286F7C4-150A-D3AD-171C-F5FB61EF5FCC}.Release|Any CPU.ActiveCfg = Release|Any CPU
		{8286F7C4-150A-D3AD-171C-F5FB61EF5FCC}.Release|Any CPU.Build.0 = Release|Any CPU
		{587799E0-55BC-CBC8-3EDC-8DEE0F427D11}.Debug|Any CPU.ActiveCfg = Debug|Any CPU
		{587799E0-55BC-CBC8-3EDC-8DEE0F427D11}.Debug|Any CPU.Build.0 = Debug|Any CPU
		{587799E0-55BC-CBC8-3EDC-8DEE0F427D11}.Release|Any CPU.ActiveCfg = Release|Any CPU
		{587799E0-55BC-CBC8-3EDC-8DEE0F427D11}.Release|Any CPU.Build.0 = Release|Any CPU
		{F852E4AC-5410-3D0D-58EB-528C6DEE87DB}.Debug|Any CPU.ActiveCfg = Debug|Any CPU
		{F852E4AC-5410-3D0D-58EB-528C6DEE87DB}.Debug|Any CPU.Build.0 = Debug|Any CPU
		{F852E4AC-5410-3D0D-58EB-528C6DEE87DB}.Release|Any CPU.ActiveCfg = Release|Any CPU
		{F852E4AC-5410-3D0D-58EB-528C6DEE87DB}.Release|Any CPU.Build.0 = Release|Any CPU
		{55DD95E9-CC5C-DA00-E907-808B2E6B46E6}.Debug|Any CPU.ActiveCfg = Debug|Any CPU
		{55DD95E9-CC5C-DA00-E907-808B2E6B46E6}.Debug|Any CPU.Build.0 = Debug|Any CPU
		{55DD95E9-CC5C-DA00-E907-808B2E6B46E6}.Release|Any CPU.ActiveCfg = Release|Any CPU
		{55DD95E9-CC5C-DA00-E907-808B2E6B46E6}.Release|Any CPU.Build.0 = Release|Any CPU
		{81ECF11C-F8C9-E60C-05CD-77929A8BEA08}.Debug|Any CPU.ActiveCfg = Debug|Any CPU
		{81ECF11C-F8C9-E60C-05CD-77929A8BEA08}.Debug|Any CPU.Build.0 = Debug|Any CPU
		{81ECF11C-F8C9-E60C-05CD-77929A8BEA08}.Release|Any CPU.ActiveCfg = Release|Any CPU
		{81ECF11C-F8C9-E60C-05CD-77929A8BEA08}.Release|Any CPU.Build.0 = Release|Any CPU
		{9703FAFA-6445-DE79-3E65-DF3DC6A00E4E}.Debug|Any CPU.ActiveCfg = Debug|Any CPU
		{9703FAFA-6445-DE79-3E65-DF3DC6A00E4E}.Debug|Any CPU.Build.0 = Debug|Any CPU
		{9703FAFA-6445-DE79-3E65-DF3DC6A00E4E}.Release|Any CPU.ActiveCfg = Release|Any CPU
		{9703FAFA-6445-DE79-3E65-DF3DC6A00E4E}.Release|Any CPU.Build.0 = Release|Any CPU
		{813C3939-E3E0-C501-3D68-A76D4A6B2B24}.Debug|Any CPU.ActiveCfg = Debug|Any CPU
		{813C3939-E3E0-C501-3D68-A76D4A6B2B24}.Debug|Any CPU.Build.0 = Debug|Any CPU
		{813C3939-E3E0-C501-3D68-A76D4A6B2B24}.Release|Any CPU.ActiveCfg = Release|Any CPU
		{813C3939-E3E0-C501-3D68-A76D4A6B2B24}.Release|Any CPU.Build.0 = Release|Any CPU
		{0D175AF4-BE09-F8B2-FDEB-FA3504BA1BEC}.Debug|Any CPU.ActiveCfg = Debug|Any CPU
		{0D175AF4-BE09-F8B2-FDEB-FA3504BA1BEC}.Debug|Any CPU.Build.0 = Debug|Any CPU
		{0D175AF4-BE09-F8B2-FDEB-FA3504BA1BEC}.Release|Any CPU.ActiveCfg = Release|Any CPU
		{0D175AF4-BE09-F8B2-FDEB-FA3504BA1BEC}.Release|Any CPU.Build.0 = Release|Any CPU
		{4DF28E04-3451-8B01-23CA-A54724D18729}.Debug|Any CPU.ActiveCfg = Debug|Any CPU
		{4DF28E04-3451-8B01-23CA-A54724D18729}.Debug|Any CPU.Build.0 = Debug|Any CPU
		{4DF28E04-3451-8B01-23CA-A54724D18729}.Release|Any CPU.ActiveCfg = Release|Any CPU
		{4DF28E04-3451-8B01-23CA-A54724D18729}.Release|Any CPU.Build.0 = Release|Any CPU
		{1AE6B57D-40CA-CEA4-F1E1-7BF339A3B8B0}.Debug|Any CPU.ActiveCfg = Debug|Any CPU
		{1AE6B57D-40CA-CEA4-F1E1-7BF339A3B8B0}.Debug|Any CPU.Build.0 = Debug|Any CPU
		{1AE6B57D-40CA-CEA4-F1E1-7BF339A3B8B0}.Release|Any CPU.ActiveCfg = Release|Any CPU
		{1AE6B57D-40CA-CEA4-F1E1-7BF339A3B8B0}.Release|Any CPU.Build.0 = Release|Any CPU
		{B92A812D-0C2D-388E-68EE-4E55E0A3E97D}.Debug|Any CPU.ActiveCfg = Debug|Any CPU
		{B92A812D-0C2D-388E-68EE-4E55E0A3E97D}.Debug|Any CPU.Build.0 = Debug|Any CPU
		{B92A812D-0C2D-388E-68EE-4E55E0A3E97D}.Release|Any CPU.ActiveCfg = Release|Any CPU
		{B92A812D-0C2D-388E-68EE-4E55E0A3E97D}.Release|Any CPU.Build.0 = Release|Any CPU
		{5B5A3F5F-1B92-59DF-C568-658A8EAC39B0}.Debug|Any CPU.ActiveCfg = Debug|Any CPU
		{5B5A3F5F-1B92-59DF-C568-658A8EAC39B0}.Debug|Any CPU.Build.0 = Debug|Any CPU
		{5B5A3F5F-1B92-59DF-C568-658A8EAC39B0}.Release|Any CPU.ActiveCfg = Release|Any CPU
		{5B5A3F5F-1B92-59DF-C568-658A8EAC39B0}.Release|Any CPU.Build.0 = Release|Any CPU
		{7363B78C-0E99-C13D-41D4-32975AE53E48}.Debug|Any CPU.ActiveCfg = Debug|Any CPU
		{7363B78C-0E99-C13D-41D4-32975AE53E48}.Debug|Any CPU.Build.0 = Debug|Any CPU
		{7363B78C-0E99-C13D-41D4-32975AE53E48}.Release|Any CPU.ActiveCfg = Release|Any CPU
		{7363B78C-0E99-C13D-41D4-32975AE53E48}.Release|Any CPU.Build.0 = Release|Any CPU
		{FA3C371A-2C32-DAFD-17D5-F4B94D35FD31}.Debug|Any CPU.ActiveCfg = Debug|Any CPU
		{FA3C371A-2C32-DAFD-17D5-F4B94D35FD31}.Debug|Any CPU.Build.0 = Debug|Any CPU
		{FA3C371A-2C32-DAFD-17D5-F4B94D35FD31}.Release|Any CPU.ActiveCfg = Release|Any CPU
		{FA3C371A-2C32-DAFD-17D5-F4B94D35FD31}.Release|Any CPU.Build.0 = Release|Any CPU
		{80F934C4-9582-1636-F2D9-F4701C7D5435}.Debug|Any CPU.ActiveCfg = Debug|Any CPU
		{80F934C4-9582-1636-F2D9-F4701C7D5435}.Debug|Any CPU.Build.0 = Debug|Any CPU
		{80F934C4-9582-1636-F2D9-F4701C7D5435}.Release|Any CPU.ActiveCfg = Release|Any CPU
		{80F934C4-9582-1636-F2D9-F4701C7D5435}.Release|Any CPU.Build.0 = Release|Any CPU
		{365C4D0F-5F63-EAA2-6AC1-FEF867B170C8}.Debug|Any CPU.ActiveCfg = Debug|Any CPU
		{365C4D0F-5F63-EAA2-6AC1-FEF867B170C8}.Debug|Any CPU.Build.0 = Debug|Any CPU
		{365C4D0F-5F63-EAA2-6AC1-FEF867B170C8}.Release|Any CPU.ActiveCfg = Release|Any CPU
		{365C4D0F-5F63-EAA2-6AC1-FEF867B170C8}.Release|Any CPU.Build.0 = Release|Any CPU
		{6B02E6E3-A66B-7FDA-28E9-6DDF72734A3B}.Debug|Any CPU.ActiveCfg = Debug|Any CPU
		{6B02E6E3-A66B-7FDA-28E9-6DDF72734A3B}.Debug|Any CPU.Build.0 = Debug|Any CPU
		{6B02E6E3-A66B-7FDA-28E9-6DDF72734A3B}.Release|Any CPU.ActiveCfg = Release|Any CPU
		{6B02E6E3-A66B-7FDA-28E9-6DDF72734A3B}.Release|Any CPU.Build.0 = Release|Any CPU
		{B53725F4-5F3E-49A3-F84C-885D4E3F0BE3}.Debug|Any CPU.ActiveCfg = Debug|Any CPU
		{B53725F4-5F3E-49A3-F84C-885D4E3F0BE3}.Debug|Any CPU.Build.0 = Debug|Any CPU
		{B53725F4-5F3E-49A3-F84C-885D4E3F0BE3}.Release|Any CPU.ActiveCfg = Release|Any CPU
		{B53725F4-5F3E-49A3-F84C-885D4E3F0BE3}.Release|Any CPU.Build.0 = Release|Any CPU
		{10ED26D7-1F50-F7BF-C00D-6C49CBA6E70B}.Debug|Any CPU.ActiveCfg = Debug|Any CPU
		{10ED26D7-1F50-F7BF-C00D-6C49CBA6E70B}.Debug|Any CPU.Build.0 = Debug|Any CPU
		{10ED26D7-1F50-F7BF-C00D-6C49CBA6E70B}.Release|Any CPU.ActiveCfg = Release|Any CPU
		{10ED26D7-1F50-F7BF-C00D-6C49CBA6E70B}.Release|Any CPU.Build.0 = Release|Any CPU
		{636EB892-9293-A3E5-18FE-9B674B5E7007}.Debug|Any CPU.ActiveCfg = Debug|Any CPU
		{636EB892-9293-A3E5-18FE-9B674B5E7007}.Debug|Any CPU.Build.0 = Debug|Any CPU
		{636EB892-9293-A3E5-18FE-9B674B5E7007}.Release|Any CPU.ActiveCfg = Release|Any CPU
		{636EB892-9293-A3E5-18FE-9B674B5E7007}.Release|Any CPU.Build.0 = Release|Any CPU
		{45992665-75E0-48A3-33B0-11FDACAB1130}.Debug|Any CPU.ActiveCfg = Debug|Any CPU
		{45992665-75E0-48A3-33B0-11FDACAB1130}.Debug|Any CPU.Build.0 = Debug|Any CPU
		{45992665-75E0-48A3-33B0-11FDACAB1130}.Release|Any CPU.ActiveCfg = Release|Any CPU
		{45992665-75E0-48A3-33B0-11FDACAB1130}.Release|Any CPU.Build.0 = Release|Any CPU
		{92E3892E-20EB-24DD-7C2C-286A75202AF3}.Debug|Any CPU.ActiveCfg = Debug|Any CPU
		{92E3892E-20EB-24DD-7C2C-286A75202AF3}.Debug|Any CPU.Build.0 = Debug|Any CPU
		{92E3892E-20EB-24DD-7C2C-286A75202AF3}.Release|Any CPU.ActiveCfg = Release|Any CPU
		{92E3892E-20EB-24DD-7C2C-286A75202AF3}.Release|Any CPU.Build.0 = Release|Any CPU
		{6C0AE59D-826B-86BE-A7B3-6C9FBD675B5C}.Debug|Any CPU.ActiveCfg = Debug|Any CPU
		{6C0AE59D-826B-86BE-A7B3-6C9FBD675B5C}.Debug|Any CPU.Build.0 = Debug|Any CPU
		{6C0AE59D-826B-86BE-A7B3-6C9FBD675B5C}.Release|Any CPU.ActiveCfg = Release|Any CPU
		{6C0AE59D-826B-86BE-A7B3-6C9FBD675B5C}.Release|Any CPU.Build.0 = Release|Any CPU
		{42ADE029-F51D-A4B6-77C4-2814A8B883A0}.Debug|Any CPU.ActiveCfg = Debug|Any CPU
		{42ADE029-F51D-A4B6-77C4-2814A8B883A0}.Debug|Any CPU.Build.0 = Debug|Any CPU
		{42ADE029-F51D-A4B6-77C4-2814A8B883A0}.Release|Any CPU.ActiveCfg = Release|Any CPU
		{42ADE029-F51D-A4B6-77C4-2814A8B883A0}.Release|Any CPU.Build.0 = Release|Any CPU
		{1B6A1BEC-7F6E-ECF0-CE51-9D28B53ACE40}.Debug|Any CPU.ActiveCfg = Debug|Any CPU
		{1B6A1BEC-7F6E-ECF0-CE51-9D28B53ACE40}.Debug|Any CPU.Build.0 = Debug|Any CPU
		{1B6A1BEC-7F6E-ECF0-CE51-9D28B53ACE40}.Release|Any CPU.ActiveCfg = Release|Any CPU
		{1B6A1BEC-7F6E-ECF0-CE51-9D28B53ACE40}.Release|Any CPU.Build.0 = Release|Any CPU
	EndGlobalSection
	GlobalSection(SolutionProperties) = preSolution
		HideSolutionNode = FALSE
	EndGlobalSection
EndGlobal
